
Microsoft Visual Studio Solution File, Format Version 12.00
# Visual Studio Version 16
VisualStudioVersion = 16.0.30413.136
MinimumVisualStudioVersion = 10.0.40219.1
Project("{9A19103F-16F7-4668-BE54-9A1E7A4F7556}") = "SRTPluginProviderMGU", "SRTPluginProviderMGU\SRTPluginProviderMGU.csproj", "{82E0FD5F-9719-46D0-9935-F28DC4B92BFD}"
EndProject
Project("{9A19103F-16F7-4668-BE54-9A1E7A4F7556}") = "SRTPluginBase", "..\SRTHost\SRTPluginBase\SRTPluginBase.csproj", "{A0557FC7-3263-42B4-9CA1-16489448A70E}"
EndProject
Project("{9A19103F-16F7-4668-BE54-9A1E7A4F7556}") = "SRTHost", "..\SRTHost\SRTHost\SRTHost.csproj", "{16650772-6B84-46BB-BC42-040FD04514FA}"
EndProject
Project("{9A19103F-16F7-4668-BE54-9A1E7A4F7556}") = "ProcessMemory", "..\ProcessMemory\ProcessMemory\ProcessMemory.csproj", "{8B482733-900B-400A-AC14-14D9BC871084}"
EndProject
Global
	GlobalSection(SolutionConfigurationPlatforms) = preSolution
		Debug|x86 = Debug|x86
		Release|x86 = Release|x86
	EndGlobalSection
	GlobalSection(ProjectConfigurationPlatforms) = postSolution
		{82E0FD5F-9719-46D0-9935-F28DC4B92BFD}.Debug|x86.ActiveCfg = Debug|x86
		{82E0FD5F-9719-46D0-9935-F28DC4B92BFD}.Debug|x86.Build.0 = Debug|x86
		{82E0FD5F-9719-46D0-9935-F28DC4B92BFD}.Release|x86.ActiveCfg = Release|x86
		{82E0FD5F-9719-46D0-9935-F28DC4B92BFD}.Release|x86.Build.0 = Release|x86
		{A0557FC7-3263-42B4-9CA1-16489448A70E}.Debug|x86.ActiveCfg = Debug|Any CPU
		{A0557FC7-3263-42B4-9CA1-16489448A70E}.Debug|x86.Build.0 = Debug|Any CPU
		{A0557FC7-3263-42B4-9CA1-16489448A70E}.Release|x86.ActiveCfg = Release|Any CPU
		{A0557FC7-3263-42B4-9CA1-16489448A70E}.Release|x86.Build.0 = Release|Any CPU
		{16650772-6B84-46BB-BC42-040FD04514FA}.Debug|x86.ActiveCfg = Debug|x86
		{16650772-6B84-46BB-BC42-040FD04514FA}.Debug|x86.Build.0 = Debug|x86
		{16650772-6B84-46BB-BC42-040FD04514FA}.Release|x86.ActiveCfg = Release|x86
		{16650772-6B84-46BB-BC42-040FD04514FA}.Release|x86.Build.0 = Release|x86
		{8B482733-900B-400A-AC14-14D9BC871084}.Debug|x86.ActiveCfg = Debug|x86
		{8B482733-900B-400A-AC14-14D9BC871084}.Debug|x86.Build.0 = Debug|x86
		{8B482733-900B-400A-AC14-14D9BC871084}.Release|x86.ActiveCfg = Release|x86
		{8B482733-900B-400A-AC14-14D9BC871084}.Release|x86.Build.0 = Release|x86
	EndGlobalSection
	GlobalSection(SolutionProperties) = preSolution
		HideSolutionNode = FALSE
	EndGlobalSection
	GlobalSection(ExtensibilityGlobals) = postSolution
		SolutionGuid = {A7A3E6E7-74B3-44CE-AA87-B9733B714126}
	EndGlobalSection
EndGlobal
